// !$*UTF8*$!
{
	archiveVersion = 1;
	classes = {
	};
	objectVersion = 46;
	objects = {

/* Begin PBXBuildFile section */
		112179B81DE3A9B600CC3FF1 /* GoalExtension.swift in Sources */ = {isa = PBXBuildFile; fileRef = 112179B71DE3A9B600CC3FF1 /* GoalExtension.swift */; };
		1124084E1DE0E94300FDBC92 /* CustomGoalTableViewCell.swift in Sources */ = {isa = PBXBuildFile; fileRef = 1124084D1DE0E94300FDBC92 /* CustomGoalTableViewCell.swift */; };
		113E8BD21DF254CF00630C02 /* EditGoalView.xib in Resources */ = {isa = PBXBuildFile; fileRef = 113E8BD11DF254CF00630C02 /* EditGoalView.xib */; };
		113E8BD41DF254DB00630C02 /* EditGoalView.swift in Sources */ = {isa = PBXBuildFile; fileRef = 113E8BD31DF254DB00630C02 /* EditGoalView.swift */; };
		113E8BD61DF32CF800630C02 /* YesNoView.xib in Resources */ = {isa = PBXBuildFile; fileRef = 113E8BD51DF32CF800630C02 /* YesNoView.xib */; };
		113E8BD81DF32D0B00630C02 /* YesNoView.swift in Sources */ = {isa = PBXBuildFile; fileRef = 113E8BD71DF32D0B00630C02 /* YesNoView.swift */; };
		114250E91DE62CAC003B7624 /* GoalTableViewCellView.xib in Resources */ = {isa = PBXBuildFile; fileRef = 114250E81DE62CAC003B7624 /* GoalTableViewCellView.xib */; };
		114250EB1DE62E51003B7624 /* GoalTableViewCellView.swift in Sources */ = {isa = PBXBuildFile; fileRef = 114250EA1DE62E51003B7624 /* GoalTableViewCellView.swift */; };
		114CFDC81DF9F7E10070E11B /* UserInputProtocol.swift in Sources */ = {isa = PBXBuildFile; fileRef = 114CFDC71DF9F7E10070E11B /* UserInputProtocol.swift */; };
		116E0BF11DF872FA00CF2B57 /* FooterView.xib in Resources */ = {isa = PBXBuildFile; fileRef = 116E0BF01DF872FA00CF2B57 /* FooterView.xib */; };
		116E0BF31DF8730A00CF2B57 /* FooterView.swift in Sources */ = {isa = PBXBuildFile; fileRef = 116E0BF21DF8730A00CF2B57 /* FooterView.swift */; };
		117221141DDD02D600A7A680 /* CreateGoalViewController.swift in Sources */ = {isa = PBXBuildFile; fileRef = 117221131DDD02D600A7A680 /* CreateGoalViewController.swift */; };
		119117C71DFAE3A600163FC3 /* CustomMenuCell.xib in Resources */ = {isa = PBXBuildFile; fileRef = 119117C61DFAE3A600163FC3 /* CustomMenuCell.xib */; };
		119117C91DFAE3B700163FC3 /* CustomMenuCell.swift in Sources */ = {isa = PBXBuildFile; fileRef = 119117C81DFAE3B700163FC3 /* CustomMenuCell.swift */; };
		119117CB1DFAF0BE00163FC3 /* LogInView.xib in Resources */ = {isa = PBXBuildFile; fileRef = 119117CA1DFAF0BE00163FC3 /* LogInView.xib */; };
		119117CD1DFAF0D000163FC3 /* LogInView.swift in Sources */ = {isa = PBXBuildFile; fileRef = 119117CC1DFAF0D000163FC3 /* LogInView.swift */; };
		119161D71DEF99400085F979 /* EditGoalViewController.swift in Sources */ = {isa = PBXBuildFile; fileRef = 119161D61DEF99400085F979 /* EditGoalViewController.swift */; };
		119A90D71DFADD3F000D61DC /* HamburgerMenuView.xib in Resources */ = {isa = PBXBuildFile; fileRef = 119A90D61DFADD3F000D61DC /* HamburgerMenuView.xib */; };
		119A90D91DFADD7E000D61DC /* HamburgerMenuView.swift in Sources */ = {isa = PBXBuildFile; fileRef = 119A90D81DFADD7E000D61DC /* HamburgerMenuView.swift */; };
		11FCAA151DDA6E160072C46A /* AppDelegate.swift in Sources */ = {isa = PBXBuildFile; fileRef = 11FCAA141DDA6E160072C46A /* AppDelegate.swift */; };
		11FCAA1D1DDA6E170072C46A /* Gouda0916.xcdatamodeld in Sources */ = {isa = PBXBuildFile; fileRef = 11FCAA1B1DDA6E170072C46A /* Gouda0916.xcdatamodeld */; };
		11FCAA221DDA6E170072C46A /* LaunchScreen.storyboard in Resources */ = {isa = PBXBuildFile; fileRef = 11FCAA201DDA6E170072C46A /* LaunchScreen.storyboard */; };
		11FCAA2A1DDA70650072C46A /* LogInViewController.swift in Sources */ = {isa = PBXBuildFile; fileRef = 11FCAA291DDA70650072C46A /* LogInViewController.swift */; };
		11FCAA2E1DDA708C0072C46A /* GoalViewConroller.swift in Sources */ = {isa = PBXBuildFile; fileRef = 11FCAA2D1DDA708C0072C46A /* GoalViewConroller.swift */; };
		11FCAA301DDA70A00072C46A /* LogViewController.swift in Sources */ = {isa = PBXBuildFile; fileRef = 11FCAA2F1DDA70A00072C46A /* LogViewController.swift */; };
		11FE917C1DDF4BE800E3EA4F /* DataStore.swift in Sources */ = {isa = PBXBuildFile; fileRef = 11FE917B1DDF4BE800E3EA4F /* DataStore.swift */; };
		11FEAF7D1DEDEDFD003667AC /* UserInputView.xib in Resources */ = {isa = PBXBuildFile; fileRef = 11FEAF7C1DEDEDFD003667AC /* UserInputView.xib */; };
		11FEAF7F1DEDEE10003667AC /* UserInputView.swift in Sources */ = {isa = PBXBuildFile; fileRef = 11FEAF7E1DEDEE10003667AC /* UserInputView.swift */; };
		3BAEB514D0BD69D7D6A8BE6D /* Pods_Gouda0916.framework in Frameworks */ = {isa = PBXBuildFile; fileRef = 6A307D1060D5A448201322E4 /* Pods_Gouda0916.framework */; };
		55AE8A4B1DEC93F4008E2776 /* ColorExtension.swift in Sources */ = {isa = PBXBuildFile; fileRef = 55AE8A4A1DEC93F4008E2776 /* ColorExtension.swift */; };
		55CE54D21DF0EC08009524D0 /* TreatYourselfLanding.swift in Sources */ = {isa = PBXBuildFile; fileRef = 55CE54D11DF0EC08009524D0 /* TreatYourselfLanding.swift */; };
		55CE54D41DF0EC20009524D0 /* TreatYourselfLandingView.swift in Sources */ = {isa = PBXBuildFile; fileRef = 55CE54D31DF0EC20009524D0 /* TreatYourselfLandingView.swift */; };
		702CFB6D1DF8AAA400F69FE5 /* DateExtension.swift in Sources */ = {isa = PBXBuildFile; fileRef = 702CFB6C1DF8AAA400F69FE5 /* DateExtension.swift */; };
		703F4EBA1DECAC1E001D5CE7 /* Vertex.swift in Sources */ = {isa = PBXBuildFile; fileRef = 703F4EB91DECAC1E001D5CE7 /* Vertex.swift */; };
		703F4EBC1DECAC30001D5CE7 /* Edge.swift in Sources */ = {isa = PBXBuildFile; fileRef = 703F4EBB1DECAC30001D5CE7 /* Edge.swift */; };
		703F4EBE1DECAC4E001D5CE7 /* SwiftGraph.swift in Sources */ = {isa = PBXBuildFile; fileRef = 703F4EBD1DECAC4E001D5CE7 /* SwiftGraph.swift */; };
		703F4EC01DECC232001D5CE7 /* WeeklyGraphView.swift in Sources */ = {isa = PBXBuildFile; fileRef = 703F4EBF1DECC232001D5CE7 /* WeeklyGraphView.swift */; };
		703F4EC21DECC753001D5CE7 /* MonthlyGraphView.swift in Sources */ = {isa = PBXBuildFile; fileRef = 703F4EC11DECC753001D5CE7 /* MonthlyGraphView.swift */; };
		70934DD71DE4C52000913625 /* VelocityScoreView.xib in Resources */ = {isa = PBXBuildFile; fileRef = 70934DD61DE4C51F00913625 /* VelocityScoreView.xib */; };
		70934DD91DE4D04400913625 /* VelocityScoreView.swift in Sources */ = {isa = PBXBuildFile; fileRef = 70934DD81DE4D04400913625 /* VelocityScoreView.swift */; };
		70934DDB1DE4F8A300913625 /* Velocity.swift in Sources */ = {isa = PBXBuildFile; fileRef = 70934DDA1DE4F8A300913625 /* Velocity.swift */; };
		70FA72591DF732C100FAC1BB /* MonthlyGraphView.xib in Resources */ = {isa = PBXBuildFile; fileRef = 70FA72581DF732C100FAC1BB /* MonthlyGraphView.xib */; };
		70FF8BFE1DE5F4CF00660564 /* Velocity.storyboard in Resources */ = {isa = PBXBuildFile; fileRef = 70FF8BFB1DE5F4CF00660564 /* Velocity.storyboard */; };
		9052785A1DDF58CA0079E3DD /* User.swift in Sources */ = {isa = PBXBuildFile; fileRef = 905278591DDF58CA0079E3DD /* User.swift */; };
		9052DE431DEF737D00B8F67A /* MainContainerViewController.swift in Sources */ = {isa = PBXBuildFile; fileRef = 9052DE421DEF737D00B8F67A /* MainContainerViewController.swift */; };
		90638F7C1DF8A00B003F64C1 /* UserNotifications.framework in Frameworks */ = {isa = PBXBuildFile; fileRef = 90638F7B1DF8A00B003F64C1 /* UserNotifications.framework */; };
		909105F11DF600EF00D3C6BA /* Main.storyboard in Resources */ = {isa = PBXBuildFile; fileRef = 909105EF1DF600EF00D3C6BA /* Main.storyboard */; };
		909105F51DF628E900D3C6BA /* Assets.xcassets in Resources */ = {isa = PBXBuildFile; fileRef = 909105F41DF628E900D3C6BA /* Assets.xcassets */; };
		909EFE451DF6445C00F9C383 /* HamBurgMenuViewController.swift in Sources */ = {isa = PBXBuildFile; fileRef = 909EFE441DF6445C00F9C383 /* HamBurgMenuViewController.swift */; };
		909FE98F1DF5F88D0055645B /* Goal.storyboard in Resources */ = {isa = PBXBuildFile; fileRef = 909FE98D1DF5F88D0055645B /* Goal.storyboard */; };
		90B1151B1DF62EE60002E969 /* MainViewController.swift in Sources */ = {isa = PBXBuildFile; fileRef = 90B1151A1DF62EE60002E969 /* MainViewController.swift */; };
		90B968A61DDE0F83005FBD8C /* GoogleService-Info.plist in Resources */ = {isa = PBXBuildFile; fileRef = 90B968A51DDE0F83005FBD8C /* GoogleService-Info.plist */; };
		90DFD6421DEB8CB4003CDF17 /* SettingsViewController.swift in Sources */ = {isa = PBXBuildFile; fileRef = 90DFD6411DEB8CB4003CDF17 /* SettingsViewController.swift */; };
		90DFD6481DEBA4A3003CDF17 /* SWRevealViewController.m in Sources */ = {isa = PBXBuildFile; fileRef = 90DFD6471DEBA4A3003CDF17 /* SWRevealViewController.m */; };
		90FE84FA1DEE1A2000673DD3 /* AppController.swift in Sources */ = {isa = PBXBuildFile; fileRef = 90FE84F91DEE1A2000673DD3 /* AppController.swift */; };
		90FE84FC1DEE1A8400673DD3 /* StoryboardID.swift in Sources */ = {isa = PBXBuildFile; fileRef = 90FE84FB1DEE1A8400673DD3 /* StoryboardID.swift */; };
/* End PBXBuildFile section */

/* Begin PBXFileReference section */
		112179B71DE3A9B600CC3FF1 /* GoalExtension.swift */ = {isa = PBXFileReference; fileEncoding = 4; lastKnownFileType = sourcecode.swift; path = GoalExtension.swift; sourceTree = "<group>"; };
		1124084D1DE0E94300FDBC92 /* CustomGoalTableViewCell.swift */ = {isa = PBXFileReference; fileEncoding = 4; lastKnownFileType = sourcecode.swift; path = CustomGoalTableViewCell.swift; sourceTree = "<group>"; };
		113E8BD11DF254CF00630C02 /* EditGoalView.xib */ = {isa = PBXFileReference; fileEncoding = 4; lastKnownFileType = file.xib; path = EditGoalView.xib; sourceTree = "<group>"; };
		113E8BD31DF254DB00630C02 /* EditGoalView.swift */ = {isa = PBXFileReference; fileEncoding = 4; lastKnownFileType = sourcecode.swift; path = EditGoalView.swift; sourceTree = "<group>"; };
		113E8BD51DF32CF800630C02 /* YesNoView.xib */ = {isa = PBXFileReference; fileEncoding = 4; lastKnownFileType = file.xib; path = YesNoView.xib; sourceTree = "<group>"; };
		113E8BD71DF32D0B00630C02 /* YesNoView.swift */ = {isa = PBXFileReference; fileEncoding = 4; lastKnownFileType = sourcecode.swift; path = YesNoView.swift; sourceTree = "<group>"; };
		114250E81DE62CAC003B7624 /* GoalTableViewCellView.xib */ = {isa = PBXFileReference; fileEncoding = 4; lastKnownFileType = file.xib; path = GoalTableViewCellView.xib; sourceTree = "<group>"; };
		114250EA1DE62E51003B7624 /* GoalTableViewCellView.swift */ = {isa = PBXFileReference; fileEncoding = 4; lastKnownFileType = sourcecode.swift; path = GoalTableViewCellView.swift; sourceTree = "<group>"; };
		114CFDC71DF9F7E10070E11B /* UserInputProtocol.swift */ = {isa = PBXFileReference; fileEncoding = 4; lastKnownFileType = sourcecode.swift; path = UserInputProtocol.swift; sourceTree = "<group>"; };
		116E0BF01DF872FA00CF2B57 /* FooterView.xib */ = {isa = PBXFileReference; fileEncoding = 4; lastKnownFileType = file.xib; path = FooterView.xib; sourceTree = "<group>"; };
		116E0BF21DF8730A00CF2B57 /* FooterView.swift */ = {isa = PBXFileReference; fileEncoding = 4; lastKnownFileType = sourcecode.swift; path = FooterView.swift; sourceTree = "<group>"; };
		117221131DDD02D600A7A680 /* CreateGoalViewController.swift */ = {isa = PBXFileReference; fileEncoding = 4; lastKnownFileType = sourcecode.swift; path = CreateGoalViewController.swift; sourceTree = "<group>"; };
		119117C61DFAE3A600163FC3 /* CustomMenuCell.xib */ = {isa = PBXFileReference; fileEncoding = 4; lastKnownFileType = file.xib; path = CustomMenuCell.xib; sourceTree = "<group>"; };
		119117C81DFAE3B700163FC3 /* CustomMenuCell.swift */ = {isa = PBXFileReference; fileEncoding = 4; lastKnownFileType = sourcecode.swift; path = CustomMenuCell.swift; sourceTree = "<group>"; };
		119117CA1DFAF0BE00163FC3 /* LogInView.xib */ = {isa = PBXFileReference; fileEncoding = 4; lastKnownFileType = file.xib; path = LogInView.xib; sourceTree = "<group>"; };
		119117CC1DFAF0D000163FC3 /* LogInView.swift */ = {isa = PBXFileReference; fileEncoding = 4; lastKnownFileType = sourcecode.swift; path = LogInView.swift; sourceTree = "<group>"; };
		119161D61DEF99400085F979 /* EditGoalViewController.swift */ = {isa = PBXFileReference; fileEncoding = 4; lastKnownFileType = sourcecode.swift; path = EditGoalViewController.swift; sourceTree = "<group>"; };
		119A90D61DFADD3F000D61DC /* HamburgerMenuView.xib */ = {isa = PBXFileReference; fileEncoding = 4; lastKnownFileType = file.xib; path = HamburgerMenuView.xib; sourceTree = "<group>"; };
		119A90D81DFADD7E000D61DC /* HamburgerMenuView.swift */ = {isa = PBXFileReference; fileEncoding = 4; lastKnownFileType = sourcecode.swift; path = HamburgerMenuView.swift; sourceTree = "<group>"; };
		11FCAA111DDA6E160072C46A /* Gouda0916.app */ = {isa = PBXFileReference; explicitFileType = wrapper.application; includeInIndex = 0; path = Gouda0916.app; sourceTree = BUILT_PRODUCTS_DIR; };
		11FCAA141DDA6E160072C46A /* AppDelegate.swift */ = {isa = PBXFileReference; lastKnownFileType = sourcecode.swift; path = AppDelegate.swift; sourceTree = "<group>"; };
		11FCAA1C1DDA6E170072C46A /* Gouda0916.xcdatamodel */ = {isa = PBXFileReference; lastKnownFileType = wrapper.xcdatamodel; path = Gouda0916.xcdatamodel; sourceTree = "<group>"; };
		11FCAA211DDA6E170072C46A /* Base */ = {isa = PBXFileReference; lastKnownFileType = file.storyboard; name = Base; path = Base.lproj/LaunchScreen.storyboard; sourceTree = "<group>"; };
		11FCAA231DDA6E170072C46A /* Info.plist */ = {isa = PBXFileReference; lastKnownFileType = text.plist.xml; path = Info.plist; sourceTree = "<group>"; };
		11FCAA291DDA70650072C46A /* LogInViewController.swift */ = {isa = PBXFileReference; fileEncoding = 4; lastKnownFileType = sourcecode.swift; path = LogInViewController.swift; sourceTree = "<group>"; };
		11FCAA2D1DDA708C0072C46A /* GoalViewConroller.swift */ = {isa = PBXFileReference; fileEncoding = 4; lastKnownFileType = sourcecode.swift; path = GoalViewConroller.swift; sourceTree = "<group>"; };
		11FCAA2F1DDA70A00072C46A /* LogViewController.swift */ = {isa = PBXFileReference; fileEncoding = 4; lastKnownFileType = sourcecode.swift; path = LogViewController.swift; sourceTree = "<group>"; };
		11FE917B1DDF4BE800E3EA4F /* DataStore.swift */ = {isa = PBXFileReference; fileEncoding = 4; lastKnownFileType = sourcecode.swift; path = DataStore.swift; sourceTree = "<group>"; };
		11FEAF7C1DEDEDFD003667AC /* UserInputView.xib */ = {isa = PBXFileReference; fileEncoding = 4; lastKnownFileType = file.xib; path = UserInputView.xib; sourceTree = "<group>"; };
		11FEAF7E1DEDEE10003667AC /* UserInputView.swift */ = {isa = PBXFileReference; fileEncoding = 4; lastKnownFileType = sourcecode.swift; path = UserInputView.swift; sourceTree = "<group>"; };
		55AE8A4A1DEC93F4008E2776 /* ColorExtension.swift */ = {isa = PBXFileReference; fileEncoding = 4; lastKnownFileType = sourcecode.swift; path = ColorExtension.swift; sourceTree = "<group>"; };
		55CE54D11DF0EC08009524D0 /* TreatYourselfLanding.swift */ = {isa = PBXFileReference; fileEncoding = 4; lastKnownFileType = sourcecode.swift; path = TreatYourselfLanding.swift; sourceTree = "<group>"; };
		55CE54D31DF0EC20009524D0 /* TreatYourselfLandingView.swift */ = {isa = PBXFileReference; fileEncoding = 4; lastKnownFileType = sourcecode.swift; path = TreatYourselfLandingView.swift; sourceTree = "<group>"; };
		6A307D1060D5A448201322E4 /* Pods_Gouda0916.framework */ = {isa = PBXFileReference; explicitFileType = wrapper.framework; includeInIndex = 0; path = Pods_Gouda0916.framework; sourceTree = BUILT_PRODUCTS_DIR; };
		702CFB6C1DF8AAA400F69FE5 /* DateExtension.swift */ = {isa = PBXFileReference; fileEncoding = 4; lastKnownFileType = sourcecode.swift; path = DateExtension.swift; sourceTree = "<group>"; };
		703F4EB91DECAC1E001D5CE7 /* Vertex.swift */ = {isa = PBXFileReference; fileEncoding = 4; lastKnownFileType = sourcecode.swift; path = Vertex.swift; sourceTree = "<group>"; };
		703F4EBB1DECAC30001D5CE7 /* Edge.swift */ = {isa = PBXFileReference; fileEncoding = 4; lastKnownFileType = sourcecode.swift; path = Edge.swift; sourceTree = "<group>"; };
		703F4EBD1DECAC4E001D5CE7 /* SwiftGraph.swift */ = {isa = PBXFileReference; fileEncoding = 4; lastKnownFileType = sourcecode.swift; path = SwiftGraph.swift; sourceTree = "<group>"; };
		703F4EBF1DECC232001D5CE7 /* WeeklyGraphView.swift */ = {isa = PBXFileReference; fileEncoding = 4; lastKnownFileType = sourcecode.swift; path = WeeklyGraphView.swift; sourceTree = "<group>"; };
		703F4EC11DECC753001D5CE7 /* MonthlyGraphView.swift */ = {isa = PBXFileReference; fileEncoding = 4; lastKnownFileType = sourcecode.swift; path = MonthlyGraphView.swift; sourceTree = "<group>"; };
		70934DD61DE4C51F00913625 /* VelocityScoreView.xib */ = {isa = PBXFileReference; fileEncoding = 4; lastKnownFileType = file.xib; path = VelocityScoreView.xib; sourceTree = "<group>"; };
		70934DD81DE4D04400913625 /* VelocityScoreView.swift */ = {isa = PBXFileReference; fileEncoding = 4; lastKnownFileType = sourcecode.swift; path = VelocityScoreView.swift; sourceTree = "<group>"; };
		70934DDA1DE4F8A300913625 /* Velocity.swift */ = {isa = PBXFileReference; fileEncoding = 4; lastKnownFileType = sourcecode.swift; path = Velocity.swift; sourceTree = "<group>"; };
		70FA72581DF732C100FAC1BB /* MonthlyGraphView.xib */ = {isa = PBXFileReference; fileEncoding = 4; lastKnownFileType = file.xib; path = MonthlyGraphView.xib; sourceTree = "<group>"; };
		70FF8BFC1DE5F4CF00660564 /* Base */ = {isa = PBXFileReference; lastKnownFileType = file.storyboard; name = Base; path = Base.lproj/Velocity.storyboard; sourceTree = "<group>"; };
		905278591DDF58CA0079E3DD /* User.swift */ = {isa = PBXFileReference; fileEncoding = 4; lastKnownFileType = sourcecode.swift; path = User.swift; sourceTree = "<group>"; };
		9052DE421DEF737D00B8F67A /* MainContainerViewController.swift */ = {isa = PBXFileReference; fileEncoding = 4; lastKnownFileType = sourcecode.swift; path = MainContainerViewController.swift; sourceTree = "<group>"; };
		90638F7A1DF89E46003F64C1 /* Gouda0916.entitlements */ = {isa = PBXFileReference; lastKnownFileType = text.plist.entitlements; path = Gouda0916.entitlements; sourceTree = "<group>"; };
		90638F7B1DF8A00B003F64C1 /* UserNotifications.framework */ = {isa = PBXFileReference; lastKnownFileType = wrapper.framework; name = UserNotifications.framework; path = System/Library/Frameworks/UserNotifications.framework; sourceTree = SDKROOT; };
		909105F01DF600EF00D3C6BA /* Base */ = {isa = PBXFileReference; lastKnownFileType = file.storyboard; name = Base; path = Base.lproj/Main.storyboard; sourceTree = "<group>"; };
		909105F41DF628E900D3C6BA /* Assets.xcassets */ = {isa = PBXFileReference; lastKnownFileType = folder.assetcatalog; path = Assets.xcassets; sourceTree = "<group>"; };
		909EFE441DF6445C00F9C383 /* HamBurgMenuViewController.swift */ = {isa = PBXFileReference; fileEncoding = 4; lastKnownFileType = sourcecode.swift; path = HamBurgMenuViewController.swift; sourceTree = "<group>"; };
		909FE98E1DF5F88D0055645B /* Base */ = {isa = PBXFileReference; lastKnownFileType = file.storyboard; name = Base; path = Gouda0916/Base.lproj/Goal.storyboard; sourceTree = "<group>"; };
		90B1151A1DF62EE60002E969 /* MainViewController.swift */ = {isa = PBXFileReference; fileEncoding = 4; lastKnownFileType = sourcecode.swift; path = MainViewController.swift; sourceTree = "<group>"; };
		90B968A51DDE0F83005FBD8C /* GoogleService-Info.plist */ = {isa = PBXFileReference; fileEncoding = 4; lastKnownFileType = text.plist.xml; path = "GoogleService-Info.plist"; sourceTree = "<group>"; };
		90DFD6411DEB8CB4003CDF17 /* SettingsViewController.swift */ = {isa = PBXFileReference; fileEncoding = 4; lastKnownFileType = sourcecode.swift; path = SettingsViewController.swift; sourceTree = "<group>"; };
		90DFD6451DEBA4A2003CDF17 /* Gouda0916-Bridging-Header.h */ = {isa = PBXFileReference; lastKnownFileType = sourcecode.c.h; path = "Gouda0916-Bridging-Header.h"; sourceTree = "<group>"; };
		90DFD6461DEBA4A3003CDF17 /* SWRevealViewController.h */ = {isa = PBXFileReference; fileEncoding = 4; lastKnownFileType = sourcecode.c.h; path = SWRevealViewController.h; sourceTree = "<group>"; };
		90DFD6471DEBA4A3003CDF17 /* SWRevealViewController.m */ = {isa = PBXFileReference; fileEncoding = 4; lastKnownFileType = sourcecode.c.objc; path = SWRevealViewController.m; sourceTree = "<group>"; };
		90FE84F91DEE1A2000673DD3 /* AppController.swift */ = {isa = PBXFileReference; fileEncoding = 4; lastKnownFileType = sourcecode.swift; path = AppController.swift; sourceTree = "<group>"; };
		90FE84FB1DEE1A8400673DD3 /* StoryboardID.swift */ = {isa = PBXFileReference; fileEncoding = 4; lastKnownFileType = sourcecode.swift; path = StoryboardID.swift; sourceTree = "<group>"; };
		E9B8BCBE30B8BF9FFADC769E /* Pods-Gouda0916.release.xcconfig */ = {isa = PBXFileReference; includeInIndex = 1; lastKnownFileType = text.xcconfig; name = "Pods-Gouda0916.release.xcconfig"; path = "Pods/Target Support Files/Pods-Gouda0916/Pods-Gouda0916.release.xcconfig"; sourceTree = "<group>"; };
		F586CD46BE17B4B8B788BAD9 /* Pods-Gouda0916.debug.xcconfig */ = {isa = PBXFileReference; includeInIndex = 1; lastKnownFileType = text.xcconfig; name = "Pods-Gouda0916.debug.xcconfig"; path = "Pods/Target Support Files/Pods-Gouda0916/Pods-Gouda0916.debug.xcconfig"; sourceTree = "<group>"; };
/* End PBXFileReference section */

/* Begin PBXFrameworksBuildPhase section */
		11FCAA0E1DDA6E160072C46A /* Frameworks */ = {
			isa = PBXFrameworksBuildPhase;
			buildActionMask = 2147483647;
			files = (
				90638F7C1DF8A00B003F64C1 /* UserNotifications.framework in Frameworks */,
				3BAEB514D0BD69D7D6A8BE6D /* Pods_Gouda0916.framework in Frameworks */,
			);
			runOnlyForDeploymentPostprocessing = 0;
		};
/* End PBXFrameworksBuildPhase section */

/* Begin PBXGroup section */
		116A9DC21DDCD97C00437479 /* Model */ = {
			isa = PBXGroup;
			children = (
				112179B71DE3A9B600CC3FF1 /* GoalExtension.swift */,
				114CFDC71DF9F7E10070E11B /* UserInputProtocol.swift */,
				905278591DDF58CA0079E3DD /* User.swift */,
				55AE8A4A1DEC93F4008E2776 /* ColorExtension.swift */,
				70934DDA1DE4F8A300913625 /* Velocity.swift */,
				703F4EB91DECAC1E001D5CE7 /* Vertex.swift */,
				703F4EBB1DECAC30001D5CE7 /* Edge.swift */,
				703F4EBD1DECAC4E001D5CE7 /* SwiftGraph.swift */,
				11FE917B1DDF4BE800E3EA4F /* DataStore.swift */,
				702CFB6C1DF8AAA400F69FE5 /* DateExtension.swift */,
				90FE84FB1DEE1A8400673DD3 /* StoryboardID.swift */,
			);
			name = Model;
			sourceTree = "<group>";
		};
		116A9DC31DDCD98600437479 /* View */ = {
			isa = PBXGroup;
			children = (
				909FE98D1DF5F88D0055645B /* Goal.storyboard */,
				116E0BF01DF872FA00CF2B57 /* FooterView.xib */,
				70934DD81DE4D04400913625 /* VelocityScoreView.swift */,
				116E0BF21DF8730A00CF2B57 /* FooterView.swift */,
				703F4EBF1DECC232001D5CE7 /* WeeklyGraphView.swift */,
				703F4EC11DECC753001D5CE7 /* MonthlyGraphView.swift */,
				70FA72581DF732C100FAC1BB /* MonthlyGraphView.xib */,
				55CE54D31DF0EC20009524D0 /* TreatYourselfLandingView.swift */,
				70934DD61DE4C51F00913625 /* VelocityScoreView.xib */,
				114250EA1DE62E51003B7624 /* GoalTableViewCellView.swift */,
				114250E81DE62CAC003B7624 /* GoalTableViewCellView.xib */,
				11FEAF7E1DEDEE10003667AC /* UserInputView.swift */,
				909105EF1DF600EF00D3C6BA /* Main.storyboard */,
				11FEAF7C1DEDEDFD003667AC /* UserInputView.xib */,
				113E8BD11DF254CF00630C02 /* EditGoalView.xib */,
				119A90D61DFADD3F000D61DC /* HamburgerMenuView.xib */,
				119117CA1DFAF0BE00163FC3 /* LogInView.xib */,
				119117CC1DFAF0D000163FC3 /* LogInView.swift */,
				119A90D81DFADD7E000D61DC /* HamburgerMenuView.swift */,
				119117C61DFAE3A600163FC3 /* CustomMenuCell.xib */,
				119117C81DFAE3B700163FC3 /* CustomMenuCell.swift */,
				113E8BD31DF254DB00630C02 /* EditGoalView.swift */,
				113E8BD51DF32CF800630C02 /* YesNoView.xib */,
				113E8BD71DF32D0B00630C02 /* YesNoView.swift */,
				70FF8BFB1DE5F4CF00660564 /* Velocity.storyboard */,
				11FCAA201DDA6E170072C46A /* LaunchScreen.storyboard */,
			);
			name = View;
			sourceTree = "<group>";
		};
		116A9DC41DDCD99100437479 /* Controller */ = {
			isa = PBXGroup;
			children = (
				90FE84F91DEE1A2000673DD3 /* AppController.swift */,
				9052DE421DEF737D00B8F67A /* MainContainerViewController.swift */,
				909EFE441DF6445C00F9C383 /* HamBurgMenuViewController.swift */,
				55CE54D11DF0EC08009524D0 /* TreatYourselfLanding.swift */,
				119161D61DEF99400085F979 /* EditGoalViewController.swift */,
				90B1151A1DF62EE60002E969 /* MainViewController.swift */,
				11FCAA291DDA70650072C46A /* LogInViewController.swift */,
				11FCAA2D1DDA708C0072C46A /* GoalViewConroller.swift */,
				11FCAA2F1DDA70A00072C46A /* LogViewController.swift */,
				117221131DDD02D600A7A680 /* CreateGoalViewController.swift */,
				90DFD6411DEB8CB4003CDF17 /* SettingsViewController.swift */,
				1124084D1DE0E94300FDBC92 /* CustomGoalTableViewCell.swift */,
			);
			name = Controller;
			sourceTree = "<group>";
		};
		116A9DC51DDCDC0800437479 /* Supporting Files */ = {
			isa = PBXGroup;
			children = (
				909105F41DF628E900D3C6BA /* Assets.xcassets */,
				11FCAA141DDA6E160072C46A /* AppDelegate.swift */,
				90DFD6461DEBA4A3003CDF17 /* SWRevealViewController.h */,
				90DFD6471DEBA4A3003CDF17 /* SWRevealViewController.m */,
				11FCAA1B1DDA6E170072C46A /* Gouda0916.xcdatamodeld */,
				90B968A51DDE0F83005FBD8C /* GoogleService-Info.plist */,
				11FCAA231DDA6E170072C46A /* Info.plist */,
				90DFD6451DEBA4A2003CDF17 /* Gouda0916-Bridging-Header.h */,
			);
			name = "Supporting Files";
			sourceTree = "<group>";
		};
		11FCAA081DDA6E150072C46A = {
			isa = PBXGroup;
			children = (
				11FCAA131DDA6E160072C46A /* Gouda0916 */,
				11FCAA121DDA6E160072C46A /* Products */,
				4D1A70A6E88FBD725F3B4633 /* Pods */,
				8F369A020F6DC6DC4F8B7EBE /* Frameworks */,
			);
			sourceTree = "<group>";
		};
		11FCAA121DDA6E160072C46A /* Products */ = {
			isa = PBXGroup;
			children = (
				11FCAA111DDA6E160072C46A /* Gouda0916.app */,
			);
			name = Products;
			sourceTree = "<group>";
		};
		11FCAA131DDA6E160072C46A /* Gouda0916 */ = {
			isa = PBXGroup;
			children = (
				90638F7A1DF89E46003F64C1 /* Gouda0916.entitlements */,
				116A9DC21DDCD97C00437479 /* Model */,
				116A9DC31DDCD98600437479 /* View */,
				116A9DC41DDCD99100437479 /* Controller */,
				116A9DC51DDCDC0800437479 /* Supporting Files */,
			);
			path = Gouda0916;
			sourceTree = "<group>";
		};
		4D1A70A6E88FBD725F3B4633 /* Pods */ = {
			isa = PBXGroup;
			children = (
				F586CD46BE17B4B8B788BAD9 /* Pods-Gouda0916.debug.xcconfig */,
				E9B8BCBE30B8BF9FFADC769E /* Pods-Gouda0916.release.xcconfig */,
			);
			name = Pods;
			sourceTree = "<group>";
		};
		8F369A020F6DC6DC4F8B7EBE /* Frameworks */ = {
			isa = PBXGroup;
			children = (
				90638F7B1DF8A00B003F64C1 /* UserNotifications.framework */,
				6A307D1060D5A448201322E4 /* Pods_Gouda0916.framework */,
			);
			name = Frameworks;
			sourceTree = "<group>";
		};
/* End PBXGroup section */

/* Begin PBXNativeTarget section */
		11FCAA101DDA6E160072C46A /* Gouda0916 */ = {
			isa = PBXNativeTarget;
			buildConfigurationList = 11FCAA261DDA6E170072C46A /* Build configuration list for PBXNativeTarget "Gouda0916" */;
			buildPhases = (
				F0D2DF8096033E1B50247CF2 /* [CP] Check Pods Manifest.lock */,
				11FCAA0D1DDA6E160072C46A /* Sources */,
				11FCAA0E1DDA6E160072C46A /* Frameworks */,
				11FCAA0F1DDA6E160072C46A /* Resources */,
				8D1F61183FF112E196F8EDCC /* [CP] Embed Pods Frameworks */,
				25004908A1D8916F9C79AD91 /* [CP] Copy Pods Resources */,
			);
			buildRules = (
			);
			dependencies = (
			);
			name = Gouda0916;
			productName = Gouda0916;
			productReference = 11FCAA111DDA6E160072C46A /* Gouda0916.app */;
			productType = "com.apple.product-type.application";
		};
/* End PBXNativeTarget section */

/* Begin PBXProject section */
		11FCAA091DDA6E160072C46A /* Project object */ = {
			isa = PBXProject;
			attributes = {
				LastSwiftUpdateCheck = 0810;
				LastUpgradeCheck = 0810;
				ORGANIZATIONNAME = Flatiron;
				TargetAttributes = {
					11FCAA101DDA6E160072C46A = {
						CreatedOnToolsVersion = 8.1;
						DevelopmentTeam = QY9ZR636M2;
						LastSwiftMigration = 0810;
						ProvisioningStyle = Automatic;
						SystemCapabilities = {
							com.apple.Push = {
								enabled = 1;
							};
						};
					};
				};
			};
			buildConfigurationList = 11FCAA0C1DDA6E160072C46A /* Build configuration list for PBXProject "Gouda0916" */;
			compatibilityVersion = "Xcode 3.2";
			developmentRegion = English;
			hasScannedForEncodings = 0;
			knownRegions = (
				en,
				Base,
			);
			mainGroup = 11FCAA081DDA6E150072C46A;
			productRefGroup = 11FCAA121DDA6E160072C46A /* Products */;
			projectDirPath = "";
			projectRoot = "";
			targets = (
				11FCAA101DDA6E160072C46A /* Gouda0916 */,
			);
		};
/* End PBXProject section */

/* Begin PBXResourcesBuildPhase section */
		11FCAA0F1DDA6E160072C46A /* Resources */ = {
			isa = PBXResourcesBuildPhase;
			buildActionMask = 2147483647;
			files = (
				70FF8BFE1DE5F4CF00660564 /* Velocity.storyboard in Resources */,
				116E0BF11DF872FA00CF2B57 /* FooterView.xib in Resources */,
				119117CB1DFAF0BE00163FC3 /* LogInView.xib in Resources */,
				90B968A61DDE0F83005FBD8C /* GoogleService-Info.plist in Resources */,
				909105F51DF628E900D3C6BA /* Assets.xcassets in Resources */,
				70934DD71DE4C52000913625 /* VelocityScoreView.xib in Resources */,
				11FEAF7D1DEDEDFD003667AC /* UserInputView.xib in Resources */,
				70FA72591DF732C100FAC1BB /* MonthlyGraphView.xib in Resources */,
				11FCAA221DDA6E170072C46A /* LaunchScreen.storyboard in Resources */,
				909105F11DF600EF00D3C6BA /* Main.storyboard in Resources */,
				119117C71DFAE3A600163FC3 /* CustomMenuCell.xib in Resources */,
				119A90D71DFADD3F000D61DC /* HamburgerMenuView.xib in Resources */,
				114250E91DE62CAC003B7624 /* GoalTableViewCellView.xib in Resources */,
				113E8BD21DF254CF00630C02 /* EditGoalView.xib in Resources */,
				909FE98F1DF5F88D0055645B /* Goal.storyboard in Resources */,
				113E8BD61DF32CF800630C02 /* YesNoView.xib in Resources */,
			);
			runOnlyForDeploymentPostprocessing = 0;
		};
/* End PBXResourcesBuildPhase section */

/* Begin PBXShellScriptBuildPhase section */
		25004908A1D8916F9C79AD91 /* [CP] Copy Pods Resources */ = {
			isa = PBXShellScriptBuildPhase;
			buildActionMask = 2147483647;
			files = (
			);
			inputPaths = (
			);
			name = "[CP] Copy Pods Resources";
			outputPaths = (
			);
			runOnlyForDeploymentPostprocessing = 0;
			shellPath = /bin/sh;
			shellScript = "\"${SRCROOT}/Pods/Target Support Files/Pods-Gouda0916/Pods-Gouda0916-resources.sh\"\n";
			showEnvVarsInLog = 0;
		};
		8D1F61183FF112E196F8EDCC /* [CP] Embed Pods Frameworks */ = {
			isa = PBXShellScriptBuildPhase;
			buildActionMask = 2147483647;
			files = (
			);
			inputPaths = (
			);
			name = "[CP] Embed Pods Frameworks";
			outputPaths = (
			);
			runOnlyForDeploymentPostprocessing = 0;
			shellPath = /bin/sh;
			shellScript = "\"${SRCROOT}/Pods/Target Support Files/Pods-Gouda0916/Pods-Gouda0916-frameworks.sh\"\n";
			showEnvVarsInLog = 0;
		};
		F0D2DF8096033E1B50247CF2 /* [CP] Check Pods Manifest.lock */ = {
			isa = PBXShellScriptBuildPhase;
			buildActionMask = 2147483647;
			files = (
			);
			inputPaths = (
			);
			name = "[CP] Check Pods Manifest.lock";
			outputPaths = (
			);
			runOnlyForDeploymentPostprocessing = 0;
			shellPath = /bin/sh;
			shellScript = "diff \"${PODS_ROOT}/../Podfile.lock\" \"${PODS_ROOT}/Manifest.lock\" > /dev/null\nif [ $? != 0 ] ; then\n    # print error to STDERR\n    echo \"error: The sandbox is not in sync with the Podfile.lock. Run 'pod install' or update your CocoaPods installation.\" >&2\n    exit 1\nfi\n";
			showEnvVarsInLog = 0;
		};
/* End PBXShellScriptBuildPhase section */

/* Begin PBXSourcesBuildPhase section */
		11FCAA0D1DDA6E160072C46A /* Sources */ = {
			isa = PBXSourcesBuildPhase;
			buildActionMask = 2147483647;
			files = (
				11FCAA2A1DDA70650072C46A /* LogInViewController.swift in Sources */,
				702CFB6D1DF8AAA400F69FE5 /* DateExtension.swift in Sources */,
				11FEAF7F1DEDEE10003667AC /* UserInputView.swift in Sources */,
				117221141DDD02D600A7A680 /* CreateGoalViewController.swift in Sources */,
				11FCAA1D1DDA6E170072C46A /* Gouda0916.xcdatamodeld in Sources */,
				11FCAA2E1DDA708C0072C46A /* GoalViewConroller.swift in Sources */,
				1124084E1DE0E94300FDBC92 /* CustomGoalTableViewCell.swift in Sources */,
				116E0BF31DF8730A00CF2B57 /* FooterView.swift in Sources */,
				703F4EBC1DECAC30001D5CE7 /* Edge.swift in Sources */,
				703F4EBA1DECAC1E001D5CE7 /* Vertex.swift in Sources */,
				114250EB1DE62E51003B7624 /* GoalTableViewCellView.swift in Sources */,
				112179B81DE3A9B600CC3FF1 /* GoalExtension.swift in Sources */,
				119117CD1DFAF0D000163FC3 /* LogInView.swift in Sources */,
				114CFDC81DF9F7E10070E11B /* UserInputProtocol.swift in Sources */,
				90B1151B1DF62EE60002E969 /* MainViewController.swift in Sources */,
				703F4EC21DECC753001D5CE7 /* MonthlyGraphView.swift in Sources */,
				70934DDB1DE4F8A300913625 /* Velocity.swift in Sources */,
				119117C91DFAE3B700163FC3 /* CustomMenuCell.swift in Sources */,
				90FE84FA1DEE1A2000673DD3 /* AppController.swift in Sources */,
				909EFE451DF6445C00F9C383 /* HamBurgMenuViewController.swift in Sources */,
				119A90D91DFADD7E000D61DC /* HamburgerMenuView.swift in Sources */,
				9052785A1DDF58CA0079E3DD /* User.swift in Sources */,
				90DFD6421DEB8CB4003CDF17 /* SettingsViewController.swift in Sources */,
				9052DE431DEF737D00B8F67A /* MainContainerViewController.swift in Sources */,
				55CE54D21DF0EC08009524D0 /* TreatYourselfLanding.swift in Sources */,
				55AE8A4B1DEC93F4008E2776 /* ColorExtension.swift in Sources */,
				11FCAA151DDA6E160072C46A /* AppDelegate.swift in Sources */,
				90DFD6481DEBA4A3003CDF17 /* SWRevealViewController.m in Sources */,
				11FCAA301DDA70A00072C46A /* LogViewController.swift in Sources */,
				703F4EBE1DECAC4E001D5CE7 /* SwiftGraph.swift in Sources */,
				70934DD91DE4D04400913625 /* VelocityScoreView.swift in Sources */,
				113E8BD41DF254DB00630C02 /* EditGoalView.swift in Sources */,
				11FE917C1DDF4BE800E3EA4F /* DataStore.swift in Sources */,
				90FE84FC1DEE1A8400673DD3 /* StoryboardID.swift in Sources */,
				55CE54D41DF0EC20009524D0 /* TreatYourselfLandingView.swift in Sources */,
				113E8BD81DF32D0B00630C02 /* YesNoView.swift in Sources */,
				119161D71DEF99400085F979 /* EditGoalViewController.swift in Sources */,
				703F4EC01DECC232001D5CE7 /* WeeklyGraphView.swift in Sources */,
			);
			runOnlyForDeploymentPostprocessing = 0;
		};
/* End PBXSourcesBuildPhase section */

/* Begin PBXVariantGroup section */
		11FCAA201DDA6E170072C46A /* LaunchScreen.storyboard */ = {
			isa = PBXVariantGroup;
			children = (
				11FCAA211DDA6E170072C46A /* Base */,
			);
			name = LaunchScreen.storyboard;
			sourceTree = "<group>";
		};
		70FF8BFB1DE5F4CF00660564 /* Velocity.storyboard */ = {
			isa = PBXVariantGroup;
			children = (
				70FF8BFC1DE5F4CF00660564 /* Base */,
			);
			name = Velocity.storyboard;
			sourceTree = "<group>";
		};
		909105EF1DF600EF00D3C6BA /* Main.storyboard */ = {
			isa = PBXVariantGroup;
			children = (
				909105F01DF600EF00D3C6BA /* Base */,
			);
			name = Main.storyboard;
			sourceTree = "<group>";
		};
		909FE98D1DF5F88D0055645B /* Goal.storyboard */ = {
			isa = PBXVariantGroup;
			children = (
				909FE98E1DF5F88D0055645B /* Base */,
			);
			name = Goal.storyboard;
			path = ..;
			sourceTree = "<group>";
		};
/* End PBXVariantGroup section */

/* Begin XCBuildConfiguration section */
		11FCAA241DDA6E170072C46A /* Debug */ = {
			isa = XCBuildConfiguration;
			buildSettings = {
				ALWAYS_SEARCH_USER_PATHS = NO;
				CLANG_ANALYZER_NONNULL = YES;
				CLANG_CXX_LANGUAGE_STANDARD = "gnu++0x";
				CLANG_CXX_LIBRARY = "libc++";
				CLANG_ENABLE_MODULES = YES;
				CLANG_ENABLE_OBJC_ARC = YES;
				CLANG_WARN_BOOL_CONVERSION = YES;
				CLANG_WARN_CONSTANT_CONVERSION = YES;
				CLANG_WARN_DIRECT_OBJC_ISA_USAGE = YES_ERROR;
				CLANG_WARN_DOCUMENTATION_COMMENTS = YES;
				CLANG_WARN_EMPTY_BODY = YES;
				CLANG_WARN_ENUM_CONVERSION = YES;
				CLANG_WARN_INFINITE_RECURSION = YES;
				CLANG_WARN_INT_CONVERSION = YES;
				CLANG_WARN_OBJC_ROOT_CLASS = YES_ERROR;
				CLANG_WARN_SUSPICIOUS_MOVES = YES;
				CLANG_WARN_UNREACHABLE_CODE = YES;
				CLANG_WARN__DUPLICATE_METHOD_MATCH = YES;
				"CODE_SIGN_IDENTITY[sdk=iphoneos*]" = "iPhone Developer";
				COPY_PHASE_STRIP = NO;
				DEBUG_INFORMATION_FORMAT = dwarf;
				ENABLE_STRICT_OBJC_MSGSEND = YES;
				ENABLE_TESTABILITY = YES;
				GCC_C_LANGUAGE_STANDARD = gnu99;
				GCC_DYNAMIC_NO_PIC = NO;
				GCC_NO_COMMON_BLOCKS = YES;
				GCC_OPTIMIZATION_LEVEL = 0;
				GCC_PREPROCESSOR_DEFINITIONS = (
					"DEBUG=1",
					"$(inherited)",
				);
				GCC_WARN_64_TO_32_BIT_CONVERSION = YES;
				GCC_WARN_ABOUT_RETURN_TYPE = YES_ERROR;
				GCC_WARN_UNDECLARED_SELECTOR = YES;
				GCC_WARN_UNINITIALIZED_AUTOS = YES_AGGRESSIVE;
				GCC_WARN_UNUSED_FUNCTION = YES;
				GCC_WARN_UNUSED_VARIABLE = YES;
				IPHONEOS_DEPLOYMENT_TARGET = 10.1;
				MTL_ENABLE_DEBUG_INFO = YES;
				ONLY_ACTIVE_ARCH = YES;
				SDKROOT = iphoneos;
				SWIFT_ACTIVE_COMPILATION_CONDITIONS = DEBUG;
				SWIFT_OPTIMIZATION_LEVEL = "-Onone";
				TARGETED_DEVICE_FAMILY = "1,2";
			};
			name = Debug;
		};
		11FCAA251DDA6E170072C46A /* Release */ = {
			isa = XCBuildConfiguration;
			buildSettings = {
				ALWAYS_SEARCH_USER_PATHS = NO;
				CLANG_ANALYZER_NONNULL = YES;
				CLANG_CXX_LANGUAGE_STANDARD = "gnu++0x";
				CLANG_CXX_LIBRARY = "libc++";
				CLANG_ENABLE_MODULES = YES;
				CLANG_ENABLE_OBJC_ARC = YES;
				CLANG_WARN_BOOL_CONVERSION = YES;
				CLANG_WARN_CONSTANT_CONVERSION = YES;
				CLANG_WARN_DIRECT_OBJC_ISA_USAGE = YES_ERROR;
				CLANG_WARN_DOCUMENTATION_COMMENTS = YES;
				CLANG_WARN_EMPTY_BODY = YES;
				CLANG_WARN_ENUM_CONVERSION = YES;
				CLANG_WARN_INFINITE_RECURSION = YES;
				CLANG_WARN_INT_CONVERSION = YES;
				CLANG_WARN_OBJC_ROOT_CLASS = YES_ERROR;
				CLANG_WARN_SUSPICIOUS_MOVES = YES;
				CLANG_WARN_UNREACHABLE_CODE = YES;
				CLANG_WARN__DUPLICATE_METHOD_MATCH = YES;
				"CODE_SIGN_IDENTITY[sdk=iphoneos*]" = "iPhone Developer";
				COPY_PHASE_STRIP = NO;
				DEBUG_INFORMATION_FORMAT = "dwarf-with-dsym";
				ENABLE_NS_ASSERTIONS = NO;
				ENABLE_STRICT_OBJC_MSGSEND = YES;
				GCC_C_LANGUAGE_STANDARD = gnu99;
				GCC_NO_COMMON_BLOCKS = YES;
				GCC_WARN_64_TO_32_BIT_CONVERSION = YES;
				GCC_WARN_ABOUT_RETURN_TYPE = YES_ERROR;
				GCC_WARN_UNDECLARED_SELECTOR = YES;
				GCC_WARN_UNINITIALIZED_AUTOS = YES_AGGRESSIVE;
				GCC_WARN_UNUSED_FUNCTION = YES;
				GCC_WARN_UNUSED_VARIABLE = YES;
				IPHONEOS_DEPLOYMENT_TARGET = 10.1;
				MTL_ENABLE_DEBUG_INFO = NO;
				SDKROOT = iphoneos;
				SWIFT_OPTIMIZATION_LEVEL = "-Owholemodule";
				TARGETED_DEVICE_FAMILY = "1,2";
				VALIDATE_PRODUCT = YES;
			};
			name = Release;
		};
		11FCAA271DDA6E170072C46A /* Debug */ = {
			isa = XCBuildConfiguration;
			baseConfigurationReference = F586CD46BE17B4B8B788BAD9 /* Pods-Gouda0916.debug.xcconfig */;
			buildSettings = {
				ASSETCATALOG_COMPILER_APPICON_NAME = "AppIcon-1";
				CLANG_ENABLE_MODULES = YES;
				CODE_SIGN_ENTITLEMENTS = Gouda0916/Gouda0916.entitlements;
				DEVELOPMENT_TEAM = QY9ZR636M2;
				INFOPLIST_FILE = Gouda0916/Info.plist;
				IPHONEOS_DEPLOYMENT_TARGET = 10.0;
				LD_RUNPATH_SEARCH_PATHS = "$(inherited) @executable_path/Frameworks";
				PRODUCT_BUNDLE_IDENTIFIER = com.testApp;
				PRODUCT_NAME = "$(TARGET_NAME)";
				SWIFT_OBJC_BRIDGING_HEADER = "Gouda0916/Gouda0916-Bridging-Header.h";
				SWIFT_OPTIMIZATION_LEVEL = "-Onone";
				SWIFT_VERSION = 3.0;
			};
			name = Debug;
		};
		11FCAA281DDA6E170072C46A /* Release */ = {
			isa = XCBuildConfiguration;
			baseConfigurationReference = E9B8BCBE30B8BF9FFADC769E /* Pods-Gouda0916.release.xcconfig */;
			buildSettings = {
				ASSETCATALOG_COMPILER_APPICON_NAME = "AppIcon-1";
				CLANG_ENABLE_MODULES = YES;
				CODE_SIGN_ENTITLEMENTS = Gouda0916/Gouda0916.entitlements;
				DEVELOPMENT_TEAM = QY9ZR636M2;
				INFOPLIST_FILE = Gouda0916/Info.plist;
				IPHONEOS_DEPLOYMENT_TARGET = 10.0;
				LD_RUNPATH_SEARCH_PATHS = "$(inherited) @executable_path/Frameworks";
				PRODUCT_BUNDLE_IDENTIFIER = com.testApp;
				PRODUCT_NAME = "$(TARGET_NAME)";
				SWIFT_OBJC_BRIDGING_HEADER = "Gouda0916/Gouda0916-Bridging-Header.h";
				SWIFT_VERSION = 3.0;
			};
			name = Release;
		};
/* End XCBuildConfiguration section */

/* Begin XCConfigurationList section */
		11FCAA0C1DDA6E160072C46A /* Build configuration list for PBXProject "Gouda0916" */ = {
			isa = XCConfigurationList;
			buildConfigurations = (
				11FCAA241DDA6E170072C46A /* Debug */,
				11FCAA251DDA6E170072C46A /* Release */,
			);
			defaultConfigurationIsVisible = 0;
			defaultConfigurationName = Release;
		};
		11FCAA261DDA6E170072C46A /* Build configuration list for PBXNativeTarget "Gouda0916" */ = {
			isa = XCConfigurationList;
			buildConfigurations = (
				11FCAA271DDA6E170072C46A /* Debug */,
				11FCAA281DDA6E170072C46A /* Release */,
			);
			defaultConfigurationIsVisible = 0;
			defaultConfigurationName = Release;
		};
/* End XCConfigurationList section */

/* Begin XCVersionGroup section */
		11FCAA1B1DDA6E170072C46A /* Gouda0916.xcdatamodeld */ = {
			isa = XCVersionGroup;
			children = (
				11FCAA1C1DDA6E170072C46A /* Gouda0916.xcdatamodel */,
			);
			currentVersion = 11FCAA1C1DDA6E170072C46A /* Gouda0916.xcdatamodel */;
			path = Gouda0916.xcdatamodeld;
			sourceTree = "<group>";
			versionGroupType = wrapper.xcdatamodel;
		};
/* End XCVersionGroup section */
	};
	rootObject = 11FCAA091DDA6E160072C46A /* Project object */;
}
